// !$*UTF8*$!
{
	archiveVersion = 1;
	classes = {
	};
	objectVersion = 50;
	objects = {

/* Begin PBXBuildFile section */
		9A30D2BB2343E390004EF20E /* Document.cpp in Sources */ = {isa = PBXBuildFile; fileRef = 9A5AE5BF233A95B100EACC93 /* Document.cpp */; };
		9A30D2BC2343E390004EF20E /* Xref.cpp in Sources */ = {isa = PBXBuildFile; fileRef = 9A5AE5CB233EC49400EACC93 /* Xref.cpp */; };
		9A30D2BD2343E39D004EF20E /* libpdfplus.dylib in Frameworks */ = {isa = PBXBuildFile; fileRef = 9A30D2B02343E381004EF20E /* libpdfplus.dylib */; };
		9A30D2C623451DFF004EF20E /* lodepng.h in Headers */ = {isa = PBXBuildFile; fileRef = 9A30D2C423451DFF004EF20E /* lodepng.h */; };
		9A30D2C723451DFF004EF20E /* lodepng.cpp in Sources */ = {isa = PBXBuildFile; fileRef = 9A30D2C523451DFF004EF20E /* lodepng.cpp */; };
		9A30D2C823451E03004EF20E /* Stream.cpp in Sources */ = {isa = PBXBuildFile; fileRef = 9A30D2C123451CC8004EF20E /* Stream.cpp */; };
		9A30D2CA23451E28004EF20E /* libz.tbd in Frameworks */ = {isa = PBXBuildFile; fileRef = 9A30D2C923451E28004EF20E /* libz.tbd */; };
		9A30D2CC23453865004EF20E /* Image.cpp in Sources */ = {isa = PBXBuildFile; fileRef = 9A30D2CB23453865004EF20E /* Image.cpp */; };
		9A30D2CE23455866004EF20E /* Annotation.cpp in Sources */ = {isa = PBXBuildFile; fileRef = 9A30D2CD23455866004EF20E /* Annotation.cpp */; };
		9A30D2F42347C63C004EF20E /* 3DStream.cpp in Sources */ = {isa = PBXBuildFile; fileRef = 9A30D2F22347C63C004EF20E /* 3DStream.cpp */; };
		9A30D2F52347C63C004EF20E /* 3DStream.hpp in Headers */ = {isa = PBXBuildFile; fileRef = 9A30D2F32347C63C004EF20E /* 3DStream.hpp */; };
		9A30D2F62347C640004EF20E /* 3DView.cpp in Sources */ = {isa = PBXBuildFile; fileRef = 9A30D2D123476B6D004EF20E /* 3DView.cpp */; };
		9A30D2F92347DB93004EF20E /* Annotation3D.cpp in Sources */ = {isa = PBXBuildFile; fileRef = 9A30D2F72347DB93004EF20E /* Annotation3D.cpp */; };
		9A30D2FA2347DB93004EF20E /* Annotation3D.hpp in Headers */ = {isa = PBXBuildFile; fileRef = 9A30D2F82347DB93004EF20E /* Annotation3D.hpp */; };
		9A5AE59C23380C8F00EACC93 /* example.cpp in Sources */ = {isa = PBXBuildFile; fileRef = 9A5AE59B23380C8F00EACC93 /* example.cpp */; };
/* End PBXBuildFile section */

/* Begin PBXContainerItemProxy section */
		9A30D2BE2343EAF3004EF20E /* PBXContainerItemProxy */ = {
			isa = PBXContainerItemProxy;
			containerPortal = 9A5AE59023380C8F00EACC93 /* Project object */;
			proxyType = 1;
			remoteGlobalIDString = 9A30D2AF2343E381004EF20E;
			remoteInfo = pdfplus;
		};
/* End PBXContainerItemProxy section */

/* Begin PBXCopyFilesBuildPhase section */
		9A5AE59623380C8F00EACC93 /* CopyFiles */ = {
			isa = PBXCopyFilesBuildPhase;
			buildActionMask = 2147483647;
			dstPath = /usr/share/man/man1/;
			dstSubfolderSpec = 0;
			files = (
			);
			runOnlyForDeploymentPostprocessing = 1;
		};
		9A5AE5C7233C1DA900EACC93 /* Embed Libraries */ = {
			isa = PBXCopyFilesBuildPhase;
			buildActionMask = 2147483647;
			dstPath = "";
			dstSubfolderSpec = 10;
			files = (
			);
			name = "Embed Libraries";
			runOnlyForDeploymentPostprocessing = 0;
		};
/* End PBXCopyFilesBuildPhase section */

/* Begin PBXFileReference section */
		09445C0B233E214F000C537E /* DocumentInfo.hpp */ = {isa = PBXFileReference; lastKnownFileType = sourcecode.cpp.h; name = DocumentInfo.hpp; path = include/DocumentInfo.hpp; sourceTree = "<group>"; };
		9A0FA5672343B81B00F3C0AA /* Image.hpp */ = {isa = PBXFileReference; lastKnownFileType = sourcecode.cpp.h; name = Image.hpp; path = include/Image.hpp; sourceTree = "<group>"; };
		9A0FA56A2343C17800F3C0AA /* Resources.hpp */ = {isa = PBXFileReference; lastKnownFileType = sourcecode.cpp.h; name = Resources.hpp; path = include/Resources.hpp; sourceTree = "<group>"; };
		9A30D2B02343E381004EF20E /* libpdfplus.dylib */ = {isa = PBXFileReference; explicitFileType = "compiled.mach-o.dylib"; includeInIndex = 0; path = libpdfplus.dylib; sourceTree = BUILT_PRODUCTS_DIR; };
		9A30D2C023450AFF004EF20E /* Types.hpp */ = {isa = PBXFileReference; lastKnownFileType = sourcecode.cpp.h; name = Types.hpp; path = include/Types.hpp; sourceTree = "<group>"; };
		9A30D2C123451CC8004EF20E /* Stream.cpp */ = {isa = PBXFileReference; lastKnownFileType = sourcecode.cpp.cpp; name = Stream.cpp; path = src/Stream.cpp; sourceTree = "<group>"; };
		9A30D2C423451DFF004EF20E /* lodepng.h */ = {isa = PBXFileReference; fileEncoding = 4; lastKnownFileType = sourcecode.c.h; path = lodepng.h; sourceTree = "<group>"; };
		9A30D2C523451DFF004EF20E /* lodepng.cpp */ = {isa = PBXFileReference; fileEncoding = 4; lastKnownFileType = sourcecode.cpp.cpp; path = lodepng.cpp; sourceTree = "<group>"; };
		9A30D2C923451E28004EF20E /* libz.tbd */ = {isa = PBXFileReference; lastKnownFileType = "sourcecode.text-based-dylib-definition"; name = libz.tbd; path = usr/lib/libz.tbd; sourceTree = SDKROOT; };
		9A30D2CB23453865004EF20E /* Image.cpp */ = {isa = PBXFileReference; lastKnownFileType = sourcecode.cpp.cpp; name = Image.cpp; path = src/Image.cpp; sourceTree = "<group>"; };
		9A30D2CD23455866004EF20E /* Annotation.cpp */ = {isa = PBXFileReference; lastKnownFileType = sourcecode.cpp.cpp; name = Annotation.cpp; path = src/Annotation.cpp; sourceTree = "<group>"; wrapsLines = 0; };
		9A30D2CF2345588A004EF20E /* Annotation.hpp */ = {isa = PBXFileReference; lastKnownFileType = sourcecode.cpp.h; name = Annotation.hpp; path = include/Annotation.hpp; sourceTree = "<group>"; };
		9A30D2D123476B6D004EF20E /* 3DView.cpp */ = {isa = PBXFileReference; lastKnownFileType = sourcecode.cpp.cpp; name = 3DView.cpp; path = src/3DView.cpp; sourceTree = "<group>"; };
		9A30D2D223476B6D004EF20E /* 3DView.hpp */ = {isa = PBXFileReference; lastKnownFileType = sourcecode.cpp.h; name = 3DView.hpp; path = src/3DView.hpp; sourceTree = "<group>"; wrapsLines = 0; };
		9A30D2F22347C63C004EF20E /* 3DStream.cpp */ = {isa = PBXFileReference; lastKnownFileType = sourcecode.cpp.cpp; name = 3DStream.cpp; path = src/3DStream.cpp; sourceTree = "<group>"; };
		9A30D2F32347C63C004EF20E /* 3DStream.hpp */ = {isa = PBXFileReference; lastKnownFileType = sourcecode.cpp.h; name = 3DStream.hpp; path = src/3DStream.hpp; sourceTree = "<group>"; wrapsLines = 0; };
		9A30D2F72347DB93004EF20E /* Annotation3D.cpp */ = {isa = PBXFileReference; lastKnownFileType = sourcecode.cpp.cpp; name = Annotation3D.cpp; path = src/Annotation3D.cpp; sourceTree = "<group>"; };
		9A30D2F82347DB93004EF20E /* Annotation3D.hpp */ = {isa = PBXFileReference; lastKnownFileType = sourcecode.cpp.h; name = Annotation3D.hpp; path = src/Annotation3D.hpp; sourceTree = "<group>"; };
		9A5AE59823380C8F00EACC93 /* PDF-Plus-macOS */ = {isa = PBXFileReference; explicitFileType = "compiled.mach-o.executable"; includeInIndex = 0; path = "PDF-Plus-macOS"; sourceTree = BUILT_PRODUCTS_DIR; };
		9A5AE59B23380C8F00EACC93 /* example.cpp */ = {isa = PBXFileReference; lastKnownFileType = sourcecode.cpp.cpp; path = example.cpp; sourceTree = "<group>"; };
		9A5AE5A323380DF200EACC93 /* Dictionary.hpp */ = {isa = PBXFileReference; lastKnownFileType = sourcecode.cpp.h; name = Dictionary.hpp; path = include/Dictionary.hpp; sourceTree = "<group>"; };
		9A5AE5A62338102400EACC93 /* Document.hpp */ = {isa = PBXFileReference; lastKnownFileType = sourcecode.cpp.h; name = Document.hpp; path = include/Document.hpp; sourceTree = "<group>"; };
		9A5AE5A92338271300EACC93 /* Page.hpp */ = {isa = PBXFileReference; lastKnownFileType = sourcecode.cpp.h; name = Page.hpp; path = include/Page.hpp; sourceTree = "<group>"; wrapsLines = 0; };
		9A5AE5AF233829B800EACC93 /* Catalog.hpp */ = {isa = PBXFileReference; lastKnownFileType = sourcecode.cpp.h; name = Catalog.hpp; path = include/Catalog.hpp; sourceTree = "<group>"; };
		9A5AE5B22339520900EACC93 /* Object.hpp */ = {isa = PBXFileReference; lastKnownFileType = sourcecode.cpp.h; name = Object.hpp; path = include/Object.hpp; sourceTree = "<group>"; };
		9A5AE5B523395D5500EACC93 /* Pages.hpp */ = {isa = PBXFileReference; lastKnownFileType = sourcecode.cpp.h; name = Pages.hpp; path = include/Pages.hpp; sourceTree = "<group>"; };
		9A5AE5BA2339ACD300EACC93 /* Stream.hpp */ = {isa = PBXFileReference; lastKnownFileType = sourcecode.cpp.h; name = Stream.hpp; path = include/Stream.hpp; sourceTree = "<group>"; };
		9A5AE5BC233A8FC000EACC93 /* Font.hpp */ = {isa = PBXFileReference; fileEncoding = 4; lastKnownFileType = sourcecode.cpp.h; name = Font.hpp; path = include/Font.hpp; sourceTree = "<group>"; };
		9A5AE5BF233A95B100EACC93 /* Document.cpp */ = {isa = PBXFileReference; lastKnownFileType = sourcecode.cpp.cpp; name = Document.cpp; path = src/Document.cpp; sourceTree = "<group>"; };
		9A5AE5C9233EC02300EACC93 /* Xref.hpp */ = {isa = PBXFileReference; lastKnownFileType = sourcecode.cpp.h; name = Xref.hpp; path = include/Xref.hpp; sourceTree = "<group>"; };
		9A5AE5CB233EC49400EACC93 /* Xref.cpp */ = {isa = PBXFileReference; lastKnownFileType = sourcecode.cpp.cpp; name = Xref.cpp; path = src/Xref.cpp; sourceTree = "<group>"; };
		9A5AE5CE233F5EBD00EACC93 /* Array.hpp */ = {isa = PBXFileReference; lastKnownFileType = sourcecode.cpp.h; name = Array.hpp; path = include/Array.hpp; sourceTree = "<group>"; };
		9A5AE5D1233FA74B00EACC93 /* String.hpp */ = {isa = PBXFileReference; lastKnownFileType = sourcecode.cpp.h; name = String.hpp; path = include/String.hpp; sourceTree = "<group>"; };
		9A5AE5D4233FAE5400EACC93 /* ObjectRef.hpp */ = {isa = PBXFileReference; lastKnownFileType = sourcecode.cpp.h; name = ObjectRef.hpp; path = include/ObjectRef.hpp; sourceTree = "<group>"; };
		9A5AE5D723401FA200EACC93 /* IndirectObject.hpp */ = {isa = PBXFileReference; lastKnownFileType = sourcecode.cpp.h; name = IndirectObject.hpp; path = include/IndirectObject.hpp; sourceTree = "<group>"; };
		9A5AE5D9234020BE00EACC93 /* PDF_Plus.h */ = {isa = PBXFileReference; lastKnownFileType = sourcecode.c.h; name = PDF_Plus.h; path = include/PDF_Plus.h; sourceTree = "<group>"; };
		9A5AE5DA23402CAA00EACC93 /* Keys.hpp */ = {isa = PBXFileReference; lastKnownFileType = sourcecode.cpp.h; name = Keys.hpp; path = include/Keys.hpp; sourceTree = "<group>"; };
		9A5AE5DB2340A6AB00EACC93 /* Util.h */ = {isa = PBXFileReference; lastKnownFileType = sourcecode.c.h; name = Util.h; path = include/Util.h; sourceTree = "<group>"; };
/* End PBXFileReference section */

/* Begin PBXFrameworksBuildPhase section */
		9A30D2AE2343E381004EF20E /* Frameworks */ = {
			isa = PBXFrameworksBuildPhase;
			buildActionMask = 2147483647;
			files = (
				9A30D2CA23451E28004EF20E /* libz.tbd in Frameworks */,
			);
			runOnlyForDeploymentPostprocessing = 0;
		};
		9A5AE59523380C8F00EACC93 /* Frameworks */ = {
			isa = PBXFrameworksBuildPhase;
			buildActionMask = 2147483647;
			files = (
				9A30D2BD2343E39D004EF20E /* libpdfplus.dylib in Frameworks */,
			);
			runOnlyForDeploymentPostprocessing = 0;
		};
/* End PBXFrameworksBuildPhase section */

/* Begin PBXGroup section */
		9A30D2AA2343E339004EF20E /* src */ = {
			isa = PBXGroup;
			children = (
				9A5AE5BF233A95B100EACC93 /* Document.cpp */,
				9A30D2C123451CC8004EF20E /* Stream.cpp */,
				9A30D2CB23453865004EF20E /* Image.cpp */,
				9A5AE5CB233EC49400EACC93 /* Xref.cpp */,
			);
			name = src;
			sourceTree = "<group>";
		};
		9A30D2AB2343E347004EF20E /* Example */ = {
			isa = PBXGroup;
			children = (
				9A5AE59B23380C8F00EACC93 /* example.cpp */,
			);
			name = Example;
			sourceTree = "<group>";
		};
		9A30D2C323451DFF004EF20E /* lodepng */ = {
			isa = PBXGroup;
			children = (
				9A30D2C423451DFF004EF20E /* lodepng.h */,
				9A30D2C523451DFF004EF20E /* lodepng.cpp */,
			);
			path = lodepng;
			sourceTree = "<group>";
		};
		9A30D2D023476B45004EF20E /* 3D */ = {
			isa = PBXGroup;
			children = (
				9A30D2D123476B6D004EF20E /* 3DView.cpp */,
				9A30D2D223476B6D004EF20E /* 3DView.hpp */,
				9A30D2F22347C63C004EF20E /* 3DStream.cpp */,
				9A30D2F32347C63C004EF20E /* 3DStream.hpp */,
			);
			name = 3D;
			sourceTree = "<group>";
		};
		9A5AE58F23380C8F00EACC93 = {
			isa = PBXGroup;
			children = (
				9A30D2AB2343E347004EF20E /* Example */,
				9A30D2AA2343E339004EF20E /* src */,
				9A5AE59A23380C8F00EACC93 /* include */,
				9A5AE59923380C8F00EACC93 /* Products */,
				9A30D2C323451DFF004EF20E /* lodepng */,
				9A5AE5C1233C1D5E00EACC93 /* Frameworks */,
			);
			sourceTree = "<group>";
			wrapsLines = 0;
		};
		9A5AE59923380C8F00EACC93 /* Products */ = {
			isa = PBXGroup;
			children = (
				9A5AE59823380C8F00EACC93 /* PDF-Plus-macOS */,
				9A30D2B02343E381004EF20E /* libpdfplus.dylib */,
			);
			name = Products;
			sourceTree = "<group>";
		};
		9A5AE59A23380C8F00EACC93 /* include */ = {
			isa = PBXGroup;
			children = (
				9A5AE5D9234020BE00EACC93 /* PDF_Plus.h */,
				9A5AE5DA23402CAA00EACC93 /* Keys.hpp */,
				9A30D2C023450AFF004EF20E /* Types.hpp */,
				9A5AE5DB2340A6AB00EACC93 /* Util.h */,
				9A5AE5A323380DF200EACC93 /* Dictionary.hpp */,
				9A5AE5CE233F5EBD00EACC93 /* Array.hpp */,
				9A5AE5D4233FAE5400EACC93 /* ObjectRef.hpp */,
				9A5AE5D1233FA74B00EACC93 /* String.hpp */,
				9A5AE5B22339520900EACC93 /* Object.hpp */,
				9A5AE5D723401FA200EACC93 /* IndirectObject.hpp */,
				9A5AE5A62338102400EACC93 /* Document.hpp */,
				9A5AE5AF233829B800EACC93 /* Catalog.hpp */,
				9A5AE5A92338271300EACC93 /* Page.hpp */,
				9A0FA56A2343C17800F3C0AA /* Resources.hpp */,
				9A5AE5B523395D5500EACC93 /* Pages.hpp */,
				9A5AE5BA2339ACD300EACC93 /* Stream.hpp */,
				9A30D2CD23455866004EF20E /* Annotation.cpp */,
				9A30D2CF2345588A004EF20E /* Annotation.hpp */,
				9A30D2F72347DB93004EF20E /* Annotation3D.cpp */,
				9A30D2F82347DB93004EF20E /* Annotation3D.hpp */,
				9A5AE5BC233A8FC000EACC93 /* Font.hpp */,
				9A0FA5672343B81B00F3C0AA /* Image.hpp */,
				09445C0B233E214F000C537E /* DocumentInfo.hpp */,
				9A5AE5C9233EC02300EACC93 /* Xref.hpp */,
				9A30D2D023476B45004EF20E /* 3D */,
			);
			name = include;
			sourceTree = "<group>";
		};
		9A5AE5C1233C1D5E00EACC93 /* Frameworks */ = {
			isa = PBXGroup;
			children = (
				9A30D2C923451E28004EF20E /* libz.tbd */,
			);
			name = Frameworks;
			sourceTree = "<group>";
		};
/* End PBXGroup section */

/* Begin PBXHeadersBuildPhase section */
		9A30D2AC2343E381004EF20E /* Headers */ = {
			isa = PBXHeadersBuildPhase;
			buildActionMask = 2147483647;
			files = (
				9A30D2FA2347DB93004EF20E /* Annotation3D.hpp in Headers */,
				9A30D2C623451DFF004EF20E /* lodepng.h in Headers */,
				9A30D2F52347C63C004EF20E /* 3DStream.hpp in Headers */,
			);
			runOnlyForDeploymentPostprocessing = 0;
		};
/* End PBXHeadersBuildPhase section */

/* Begin PBXNativeTarget section */
		9A30D2AF2343E381004EF20E /* pdfplus */ = {
			isa = PBXNativeTarget;
			buildConfigurationList = 9A30D2B82343E381004EF20E /* Build configuration list for PBXNativeTarget "pdfplus" */;
			buildPhases = (
				9A30D2AC2343E381004EF20E /* Headers */,
				9A30D2AD2343E381004EF20E /* Sources */,
				9A30D2AE2343E381004EF20E /* Frameworks */,
			);
			buildRules = (
			);
			dependencies = (
			);
			name = pdfplus;
			productName = pdfplus;
			productReference = 9A30D2B02343E381004EF20E /* libpdfplus.dylib */;
			productType = "com.apple.product-type.library.dynamic";
		};
		9A5AE59723380C8F00EACC93 /* PDF-Plus-macOS */ = {
			isa = PBXNativeTarget;
			buildConfigurationList = 9A5AE59F23380C8F00EACC93 /* Build configuration list for PBXNativeTarget "PDF-Plus-macOS" */;
			buildPhases = (
				9A5AE59423380C8F00EACC93 /* Sources */,
				9A5AE59523380C8F00EACC93 /* Frameworks */,
				9A5AE59623380C8F00EACC93 /* CopyFiles */,
				9A5AE5C7233C1DA900EACC93 /* Embed Libraries */,
			);
			buildRules = (
			);
			dependencies = (
				9A30D2BF2343EAF3004EF20E /* PBXTargetDependency */,
			);
			name = "PDF-Plus-macOS";
			productName = "PDF-Plus-X";
			productReference = 9A5AE59823380C8F00EACC93 /* PDF-Plus-macOS */;
			productType = "com.apple.product-type.tool";
		};
/* End PBXNativeTarget section */

/* Begin PBXProject section */
		9A5AE59023380C8F00EACC93 /* Project object */ = {
			isa = PBXProject;
			attributes = {
				DefaultBuildSystemTypeForWorkspace = Original;
				LastUpgradeCheck = 1100;
				ORGANIZATIONNAME = "Tom Albrecht";
				TargetAttributes = {
					9A30D2AF2343E381004EF20E = {
						CreatedOnToolsVersion = 11.0;
					};
					9A5AE59723380C8F00EACC93 = {
						CreatedOnToolsVersion = 11.0;
					};
				};
			};
			buildConfigurationList = 9A5AE59323380C8F00EACC93 /* Build configuration list for PBXProject "PDF-Plus-macOS" */;
			compatibilityVersion = "Xcode 9.3";
			developmentRegion = en;
			hasScannedForEncodings = 0;
			knownRegions = (
				en,
				Base,
			);
			mainGroup = 9A5AE58F23380C8F00EACC93;
			productRefGroup = 9A5AE59923380C8F00EACC93 /* Products */;
			projectDirPath = "";
			projectRoot = "";
			targets = (
				9A5AE59723380C8F00EACC93 /* PDF-Plus-macOS */,
				9A30D2AF2343E381004EF20E /* pdfplus */,
			);
		};
/* End PBXProject section */

/* Begin PBXSourcesBuildPhase section */
		9A30D2AD2343E381004EF20E /* Sources */ = {
			isa = PBXSourcesBuildPhase;
			buildActionMask = 2147483647;
			files = (
				9A30D2F42347C63C004EF20E /* 3DStream.cpp in Sources */,
				9A30D2C723451DFF004EF20E /* lodepng.cpp in Sources */,
				9A30D2F92347DB93004EF20E /* Annotation3D.cpp in Sources */,
				9A30D2BB2343E390004EF20E /* Document.cpp in Sources */,
				9A30D2BC2343E390004EF20E /* Xref.cpp in Sources */,
				9A30D2C823451E03004EF20E /* Stream.cpp in Sources */,
				9A30D2F62347C640004EF20E /* 3DView.cpp in Sources */,
				9A30D2CE23455866004EF20E /* Annotation.cpp in Sources */,
				9A30D2CC23453865004EF20E /* Image.cpp in Sources */,
			);
			runOnlyForDeploymentPostprocessing = 0;
		};
		9A5AE59423380C8F00EACC93 /* Sources */ = {
			isa = PBXSourcesBuildPhase;
			buildActionMask = 2147483647;
			files = (
				9A5AE59C23380C8F00EACC93 /* example.cpp in Sources */,
			);
			runOnlyForDeploymentPostprocessing = 0;
		};
/* End PBXSourcesBuildPhase section */

/* Begin PBXTargetDependency section */
		9A30D2BF2343EAF3004EF20E /* PBXTargetDependency */ = {
			isa = PBXTargetDependency;
			target = 9A30D2AF2343E381004EF20E /* pdfplus */;
			targetProxy = 9A30D2BE2343EAF3004EF20E /* PBXContainerItemProxy */;
		};
/* End PBXTargetDependency section */

/* Begin XCBuildConfiguration section */
		9A30D2B92343E381004EF20E /* Debug */ = {
			isa = XCBuildConfiguration;
			buildSettings = {
				CLANG_CXX_LANGUAGE_STANDARD = "c++17";
				CODE_SIGN_STYLE = Automatic;
				DYLIB_COMPATIBILITY_VERSION = 1;
				DYLIB_CURRENT_VERSION = 1;
				EXECUTABLE_PREFIX = lib;
				GCC_ENABLE_CPP_EXCEPTIONS = YES;
				GCC_ENABLE_CPP_RTTI = YES;
				GCC_SYMBOLS_PRIVATE_EXTERN = YES;
				PRODUCT_NAME = "$(TARGET_NAME)";
				SKIP_INSTALL = YES;
			};
			name = Debug;
		};
		9A30D2BA2343E381004EF20E /* Release */ = {
			isa = XCBuildConfiguration;
			buildSettings = {
				CLANG_CXX_LANGUAGE_STANDARD = "c++17";
				CODE_SIGN_STYLE = Automatic;
				DYLIB_COMPATIBILITY_VERSION = 1;
				DYLIB_CURRENT_VERSION = 1;
				EXECUTABLE_PREFIX = lib;
				GCC_ENABLE_CPP_EXCEPTIONS = YES;
				GCC_ENABLE_CPP_RTTI = YES;
				GCC_SYMBOLS_PRIVATE_EXTERN = YES;
				PRODUCT_NAME = "$(TARGET_NAME)";
				SKIP_INSTALL = YES;
			};
			name = Release;
		};
		9A5AE59D23380C8F00EACC93 /* Debug */ = {
			isa = XCBuildConfiguration;
			buildSettings = {
				ALWAYS_SEARCH_USER_PATHS = NO;
				CLANG_ANALYZER_NONNULL = YES;
				CLANG_ANALYZER_NUMBER_OBJECT_CONVERSION = YES_AGGRESSIVE;
				CLANG_CXX_LANGUAGE_STANDARD = "gnu++14";
				CLANG_CXX_LIBRARY = "libc++";
				CLANG_ENABLE_MODULES = YES;
				CLANG_ENABLE_OBJC_ARC = YES;
				CLANG_ENABLE_OBJC_WEAK = YES;
				CLANG_WARN_BLOCK_CAPTURE_AUTORELEASING = YES;
				CLANG_WARN_BOOL_CONVERSION = YES;
				CLANG_WARN_COMMA = YES;
				CLANG_WARN_CONSTANT_CONVERSION = YES;
				CLANG_WARN_DEPRECATED_OBJC_IMPLEMENTATIONS = YES;
				CLANG_WARN_DIRECT_OBJC_ISA_USAGE = YES_ERROR;
				CLANG_WARN_DOCUMENTATION_COMMENTS = YES;
				CLANG_WARN_EMPTY_BODY = YES;
				CLANG_WARN_ENUM_CONVERSION = YES;
				CLANG_WARN_INFINITE_RECURSION = YES;
				CLANG_WARN_INT_CONVERSION = YES;
				CLANG_WARN_NON_LITERAL_NULL_CONVERSION = YES;
				CLANG_WARN_OBJC_IMPLICIT_RETAIN_SELF = YES;
				CLANG_WARN_OBJC_LITERAL_CONVERSION = YES;
				CLANG_WARN_OBJC_ROOT_CLASS = YES_ERROR;
				CLANG_WARN_RANGE_LOOP_ANALYSIS = YES;
				CLANG_WARN_STRICT_PROTOTYPES = YES;
				CLANG_WARN_SUSPICIOUS_MOVE = YES;
				CLANG_WARN_UNGUARDED_AVAILABILITY = YES_AGGRESSIVE;
				CLANG_WARN_UNREACHABLE_CODE = YES;
				CLANG_WARN__DUPLICATE_METHOD_MATCH = YES;
				COPY_PHASE_STRIP = NO;
				DEBUG_INFORMATION_FORMAT = dwarf;
				ENABLE_STRICT_OBJC_MSGSEND = YES;
				ENABLE_TESTABILITY = YES;
				GCC_C_LANGUAGE_STANDARD = gnu11;
				GCC_DYNAMIC_NO_PIC = NO;
				GCC_NO_COMMON_BLOCKS = YES;
				GCC_OPTIMIZATION_LEVEL = 0;
				GCC_PREPROCESSOR_DEFINITIONS = (
					"DEBUG=1",
					"$(inherited)",
				);
				GCC_WARN_64_TO_32_BIT_CONVERSION = YES;
				GCC_WARN_ABOUT_RETURN_TYPE = YES_ERROR;
				GCC_WARN_UNDECLARED_SELECTOR = YES;
				GCC_WARN_UNINITIALIZED_AUTOS = YES_AGGRESSIVE;
				GCC_WARN_UNUSED_FUNCTION = YES;
				GCC_WARN_UNUSED_VARIABLE = YES;
				MACOSX_DEPLOYMENT_TARGET = 10.14;
				MTL_ENABLE_DEBUG_INFO = INCLUDE_SOURCE;
				MTL_FAST_MATH = YES;
				ONLY_ACTIVE_ARCH = YES;
				SDKROOT = macosx;
			};
			name = Debug;
		};
		9A5AE59E23380C8F00EACC93 /* Release */ = {
			isa = XCBuildConfiguration;
			buildSettings = {
				ALWAYS_SEARCH_USER_PATHS = NO;
				CLANG_ANALYZER_NONNULL = YES;
				CLANG_ANALYZER_NUMBER_OBJECT_CONVERSION = YES_AGGRESSIVE;
				CLANG_CXX_LANGUAGE_STANDARD = "gnu++14";
				CLANG_CXX_LIBRARY = "libc++";
				CLANG_ENABLE_MODULES = YES;
				CLANG_ENABLE_OBJC_ARC = YES;
				CLANG_ENABLE_OBJC_WEAK = YES;
				CLANG_WARN_BLOCK_CAPTURE_AUTORELEASING = YES;
				CLANG_WARN_BOOL_CONVERSION = YES;
				CLANG_WARN_COMMA = YES;
				CLANG_WARN_CONSTANT_CONVERSION = YES;
				CLANG_WARN_DEPRECATED_OBJC_IMPLEMENTATIONS = YES;
				CLANG_WARN_DIRECT_OBJC_ISA_USAGE = YES_ERROR;
				CLANG_WARN_DOCUMENTATION_COMMENTS = YES;
				CLANG_WARN_EMPTY_BODY = YES;
				CLANG_WARN_ENUM_CONVERSION = YES;
				CLANG_WARN_INFINITE_RECURSION = YES;
				CLANG_WARN_INT_CONVERSION = YES;
				CLANG_WARN_NON_LITERAL_NULL_CONVERSION = YES;
				CLANG_WARN_OBJC_IMPLICIT_RETAIN_SELF = YES;
				CLANG_WARN_OBJC_LITERAL_CONVERSION = YES;
				CLANG_WARN_OBJC_ROOT_CLASS = YES_ERROR;
				CLANG_WARN_RANGE_LOOP_ANALYSIS = YES;
				CLANG_WARN_STRICT_PROTOTYPES = YES;
				CLANG_WARN_SUSPICIOUS_MOVE = YES;
				CLANG_WARN_UNGUARDED_AVAILABILITY = YES_AGGRESSIVE;
				CLANG_WARN_UNREACHABLE_CODE = YES;
				CLANG_WARN__DUPLICATE_METHOD_MATCH = YES;
				COPY_PHASE_STRIP = NO;
				DEBUG_INFORMATION_FORMAT = "dwarf-with-dsym";
				ENABLE_NS_ASSERTIONS = NO;
				ENABLE_STRICT_OBJC_MSGSEND = YES;
				GCC_C_LANGUAGE_STANDARD = gnu11;
				GCC_NO_COMMON_BLOCKS = YES;
				GCC_WARN_64_TO_32_BIT_CONVERSION = YES;
				GCC_WARN_ABOUT_RETURN_TYPE = YES_ERROR;
				GCC_WARN_UNDECLARED_SELECTOR = YES;
				GCC_WARN_UNINITIALIZED_AUTOS = YES_AGGRESSIVE;
				GCC_WARN_UNUSED_FUNCTION = YES;
				GCC_WARN_UNUSED_VARIABLE = YES;
				MACOSX_DEPLOYMENT_TARGET = 10.14;
				MTL_ENABLE_DEBUG_INFO = NO;
				MTL_FAST_MATH = YES;
				SDKROOT = macosx;
			};
			name = Release;
		};
		9A5AE5A023380C8F00EACC93 /* Debug */ = {
			isa = XCBuildConfiguration;
			buildSettings = {
				CLANG_CXX_LANGUAGE_STANDARD = "c++17";
				CODE_SIGN_STYLE = Automatic;
				MACOSX_DEPLOYMENT_TARGET = 10.14;
				PRODUCT_NAME = "$(TARGET_NAME)";
			};
			name = Debug;
		};
		9A5AE5A123380C8F00EACC93 /* Release */ = {
			isa = XCBuildConfiguration;
			buildSettings = {
				CLANG_CXX_LANGUAGE_STANDARD = "c++17";
				CODE_SIGN_STYLE = Automatic;
				MACOSX_DEPLOYMENT_TARGET = 10.14;
				PRODUCT_NAME = "$(TARGET_NAME)";
			};
			name = Release;
		};
/* End XCBuildConfiguration section */

/* Begin XCConfigurationList section */
		9A30D2B82343E381004EF20E /* Build configuration list for PBXNativeTarget "pdfplus" */ = {
			isa = XCConfigurationList;
			buildConfigurations = (
				9A30D2B92343E381004EF20E /* Debug */,
				9A30D2BA2343E381004EF20E /* Release */,
			);
			defaultConfigurationIsVisible = 0;
			defaultConfigurationName = Release;
		};
		9A5AE59323380C8F00EACC93 /* Build configuration list for PBXProject "PDF-Plus-macOS" */ = {
			isa = XCConfigurationList;
			buildConfigurations = (
				9A5AE59D23380C8F00EACC93 /* Debug */,
				9A5AE59E23380C8F00EACC93 /* Release */,
			);
			defaultConfigurationIsVisible = 0;
			defaultConfigurationName = Release;
		};
		9A5AE59F23380C8F00EACC93 /* Build configuration list for PBXNativeTarget "PDF-Plus-macOS" */ = {
			isa = XCConfigurationList;
			buildConfigurations = (
				9A5AE5A023380C8F00EACC93 /* Debug */,
				9A5AE5A123380C8F00EACC93 /* Release */,
			);
			defaultConfigurationIsVisible = 0;
			defaultConfigurationName = Release;
		};
/* End XCConfigurationList section */
	};
	rootObject = 9A5AE59023380C8F00EACC93 /* Project object */;
}
