// !$*UTF8*$!
{
	archiveVersion = 1;
	classes = {
	};
	objectVersion = 50;
	objects = {

/* Begin PBXBuildFile section */
		9A5AE59C23380C8F00EACC93 /* main.cpp in Sources */ = {isa = PBXBuildFile; fileRef = 9A5AE59B23380C8F00EACC93 /* main.cpp */; };
		9A5AE5C0233A95B100EACC93 /* Document.cpp in Sources */ = {isa = PBXBuildFile; fileRef = 9A5AE5BF233A95B100EACC93 /* Document.cpp */; };
		9A5AE5C5233C1DA900EACC93 /* libz.1.dylib in Frameworks */ = {isa = PBXBuildFile; fileRef = 9A5AE5C4233C1DA900EACC93 /* libz.1.dylib */; };
		9A5AE5C6233C1DA900EACC93 /* libz.1.dylib in Embed Libraries */ = {isa = PBXBuildFile; fileRef = 9A5AE5C4233C1DA900EACC93 /* libz.1.dylib */; settings = {ATTRIBUTES = (CodeSignOnCopy, ); }; };
		9A5AE5CC233EC49400EACC93 /* Xref.cpp in Sources */ = {isa = PBXBuildFile; fileRef = 9A5AE5CB233EC49400EACC93 /* Xref.cpp */; };
/* End PBXBuildFile section */

/* Begin PBXCopyFilesBuildPhase section */
		9A5AE59623380C8F00EACC93 /* CopyFiles */ = {
			isa = PBXCopyFilesBuildPhase;
			buildActionMask = 2147483647;
			dstPath = /usr/share/man/man1/;
			dstSubfolderSpec = 0;
			files = (
			);
			runOnlyForDeploymentPostprocessing = 1;
		};
		9A5AE5C7233C1DA900EACC93 /* Embed Libraries */ = {
			isa = PBXCopyFilesBuildPhase;
			buildActionMask = 2147483647;
			dstPath = "";
			dstSubfolderSpec = 10;
			files = (
				9A5AE5C6233C1DA900EACC93 /* libz.1.dylib in Embed Libraries */,
			);
			name = "Embed Libraries";
			runOnlyForDeploymentPostprocessing = 0;
		};
/* End PBXCopyFilesBuildPhase section */

/* Begin PBXFileReference section */
		09445C0B233E214F000C537E /* DocumentInfo.hpp */ = {isa = PBXFileReference; lastKnownFileType = sourcecode.cpp.h; path = DocumentInfo.hpp; sourceTree = "<group>"; };
		9A5AE59823380C8F00EACC93 /* PDF-Plus-X */ = {isa = PBXFileReference; explicitFileType = "compiled.mach-o.executable"; includeInIndex = 0; path = "PDF-Plus-X"; sourceTree = BUILT_PRODUCTS_DIR; };
		9A5AE59B23380C8F00EACC93 /* main.cpp */ = {isa = PBXFileReference; lastKnownFileType = sourcecode.cpp.cpp; path = main.cpp; sourceTree = "<group>"; };
		9A5AE5A323380DF200EACC93 /* Dictionary.hpp */ = {isa = PBXFileReference; lastKnownFileType = sourcecode.cpp.h; path = Dictionary.hpp; sourceTree = "<group>"; };
		9A5AE5A62338102400EACC93 /* Document.hpp */ = {isa = PBXFileReference; lastKnownFileType = sourcecode.cpp.h; path = Document.hpp; sourceTree = "<group>"; };
		9A5AE5A92338271300EACC93 /* Page.hpp */ = {isa = PBXFileReference; lastKnownFileType = sourcecode.cpp.h; path = Page.hpp; sourceTree = "<group>"; };
		9A5AE5AF233829B800EACC93 /* Catalog.hpp */ = {isa = PBXFileReference; lastKnownFileType = sourcecode.cpp.h; path = Catalog.hpp; sourceTree = "<group>"; };
		9A5AE5B22339520900EACC93 /* Object.hpp */ = {isa = PBXFileReference; lastKnownFileType = sourcecode.cpp.h; path = Object.hpp; sourceTree = "<group>"; };
		9A5AE5B523395D5500EACC93 /* Pages.hpp */ = {isa = PBXFileReference; lastKnownFileType = sourcecode.cpp.h; path = Pages.hpp; sourceTree = "<group>"; };
		9A5AE5BA2339ACD300EACC93 /* Stream.hpp */ = {isa = PBXFileReference; lastKnownFileType = sourcecode.cpp.h; path = Stream.hpp; sourceTree = "<group>"; };
		9A5AE5BC233A8FC000EACC93 /* Font.hpp */ = {isa = PBXFileReference; fileEncoding = 4; lastKnownFileType = sourcecode.cpp.h; path = Font.hpp; sourceTree = "<group>"; };
		9A5AE5BF233A95B100EACC93 /* Document.cpp */ = {isa = PBXFileReference; lastKnownFileType = sourcecode.cpp.cpp; path = Document.cpp; sourceTree = "<group>"; };
		9A5AE5C4233C1DA900EACC93 /* libz.1.dylib */ = {isa = PBXFileReference; lastKnownFileType = "compiled.mach-o.dylib"; name = libz.1.dylib; path = ../../../../../../usr/lib/libz.1.dylib; sourceTree = "<group>"; };
		9A5AE5C9233EC02300EACC93 /* Xref.hpp */ = {isa = PBXFileReference; lastKnownFileType = sourcecode.cpp.h; path = Xref.hpp; sourceTree = "<group>"; };
		9A5AE5CB233EC49400EACC93 /* Xref.cpp */ = {isa = PBXFileReference; lastKnownFileType = sourcecode.cpp.cpp; path = Xref.cpp; sourceTree = "<group>"; };
		9A5AE5CE233F5EBD00EACC93 /* Array.hpp */ = {isa = PBXFileReference; lastKnownFileType = sourcecode.cpp.h; path = Array.hpp; sourceTree = "<group>"; };
		9A5AE5D1233FA74B00EACC93 /* String.hpp */ = {isa = PBXFileReference; lastKnownFileType = sourcecode.cpp.h; path = String.hpp; sourceTree = "<group>"; };
		9A5AE5D4233FAE5400EACC93 /* ObjectRef.hpp */ = {isa = PBXFileReference; lastKnownFileType = sourcecode.cpp.h; path = ObjectRef.hpp; sourceTree = "<group>"; };
		9A5AE5D723401FA200EACC93 /* IndirectObject.hpp */ = {isa = PBXFileReference; lastKnownFileType = sourcecode.cpp.h; path = IndirectObject.hpp; sourceTree = "<group>"; };
		9A5AE5D9234020BE00EACC93 /* PDF_Plus.h */ = {isa = PBXFileReference; lastKnownFileType = sourcecode.c.h; path = PDF_Plus.h; sourceTree = "<group>"; };
		9A5AE5DA23402CAA00EACC93 /* Key.h */ = {isa = PBXFileReference; lastKnownFileType = sourcecode.c.h; path = Key.h; sourceTree = "<group>"; };
		9A5AE5DB2340A6AB00EACC93 /* Util.h */ = {isa = PBXFileReference; lastKnownFileType = sourcecode.c.h; path = Util.h; sourceTree = "<group>"; };
/* End PBXFileReference section */

/* Begin PBXFrameworksBuildPhase section */
		9A5AE59523380C8F00EACC93 /* Frameworks */ = {
			isa = PBXFrameworksBuildPhase;
			buildActionMask = 2147483647;
			files = (
				9A5AE5C5233C1DA900EACC93 /* libz.1.dylib in Frameworks */,
			);
			runOnlyForDeploymentPostprocessing = 0;
		};
/* End PBXFrameworksBuildPhase section */

/* Begin PBXGroup section */
		9A5AE58F23380C8F00EACC93 = {
			isa = PBXGroup;
			children = (
				9A5AE59A23380C8F00EACC93 /* PDF-Plus-X */,
				9A5AE59923380C8F00EACC93 /* Products */,
				9A5AE5C1233C1D5E00EACC93 /* Frameworks */,
			);
			sourceTree = "<group>";
		};
		9A5AE59923380C8F00EACC93 /* Products */ = {
			isa = PBXGroup;
			children = (
				9A5AE59823380C8F00EACC93 /* PDF-Plus-X */,
			);
			name = Products;
			sourceTree = "<group>";
		};
		9A5AE59A23380C8F00EACC93 /* PDF-Plus-X */ = {
			isa = PBXGroup;
			children = (
				9A5AE5D9234020BE00EACC93 /* PDF_Plus.h */,
				9A5AE5DA23402CAA00EACC93 /* Key.h */,
				9A5AE5DB2340A6AB00EACC93 /* Util.h */,
				9A5AE59B23380C8F00EACC93 /* main.cpp */,
				9A5AE5A323380DF200EACC93 /* Dictionary.hpp */,
				9A5AE5CE233F5EBD00EACC93 /* Array.hpp */,
				9A5AE5D4233FAE5400EACC93 /* ObjectRef.hpp */,
				9A5AE5D1233FA74B00EACC93 /* String.hpp */,
				9A5AE5B22339520900EACC93 /* Object.hpp */,
				9A5AE5D723401FA200EACC93 /* IndirectObject.hpp */,
				9A5AE5A62338102400EACC93 /* Document.hpp */,
				9A5AE5BF233A95B100EACC93 /* Document.cpp */,
				9A5AE5AF233829B800EACC93 /* Catalog.hpp */,
				9A5AE5A92338271300EACC93 /* Page.hpp */,
				9A5AE5B523395D5500EACC93 /* Pages.hpp */,
				9A5AE5BA2339ACD300EACC93 /* Stream.hpp */,
				9A5AE5BC233A8FC000EACC93 /* Font.hpp */,
				09445C0B233E214F000C537E /* DocumentInfo.hpp */,
				9A5AE5C9233EC02300EACC93 /* Xref.hpp */,
				9A5AE5CB233EC49400EACC93 /* Xref.cpp */,
			);
			path = "PDF-Plus-X";
			sourceTree = "<group>";
		};
		9A5AE5C1233C1D5E00EACC93 /* Frameworks */ = {
			isa = PBXGroup;
			children = (
				9A5AE5C4233C1DA900EACC93 /* libz.1.dylib */,
			);
			name = Frameworks;
			sourceTree = "<group>";
		};
/* End PBXGroup section */

/* Begin PBXNativeTarget section */
		9A5AE59723380C8F00EACC93 /* PDF-Plus-X */ = {
			isa = PBXNativeTarget;
			buildConfigurationList = 9A5AE59F23380C8F00EACC93 /* Build configuration list for PBXNativeTarget "PDF-Plus-X" */;
			buildPhases = (
				9A5AE59423380C8F00EACC93 /* Sources */,
				9A5AE59523380C8F00EACC93 /* Frameworks */,
				9A5AE59623380C8F00EACC93 /* CopyFiles */,
				9A5AE5C7233C1DA900EACC93 /* Embed Libraries */,
			);
			buildRules = (
			);
			dependencies = (
			);
			name = "PDF-Plus-X";
			productName = "PDF-Plus-X";
			productReference = 9A5AE59823380C8F00EACC93 /* PDF-Plus-X */;
			productType = "com.apple.product-type.tool";
		};
/* End PBXNativeTarget section */

/* Begin PBXProject section */
		9A5AE59023380C8F00EACC93 /* Project object */ = {
			isa = PBXProject;
			attributes = {
				LastUpgradeCheck = 1100;
				ORGANIZATIONNAME = "Tom Albrecht";
				TargetAttributes = {
					9A5AE59723380C8F00EACC93 = {
						CreatedOnToolsVersion = 11.0;
					};
				};
			};
			buildConfigurationList = 9A5AE59323380C8F00EACC93 /* Build configuration list for PBXProject "PDF-Plus-X" */;
			compatibilityVersion = "Xcode 9.3";
			developmentRegion = en;
			hasScannedForEncodings = 0;
			knownRegions = (
				en,
				Base,
			);
			mainGroup = 9A5AE58F23380C8F00EACC93;
			productRefGroup = 9A5AE59923380C8F00EACC93 /* Products */;
			projectDirPath = "";
			projectRoot = "";
			targets = (
				9A5AE59723380C8F00EACC93 /* PDF-Plus-X */,
			);
		};
/* End PBXProject section */

/* Begin PBXSourcesBuildPhase section */
		9A5AE59423380C8F00EACC93 /* Sources */ = {
			isa = PBXSourcesBuildPhase;
			buildActionMask = 2147483647;
			files = (
				9A5AE5C0233A95B100EACC93 /* Document.cpp in Sources */,
				9A5AE5CC233EC49400EACC93 /* Xref.cpp in Sources */,
				9A5AE59C23380C8F00EACC93 /* main.cpp in Sources */,
			);
			runOnlyForDeploymentPostprocessing = 0;
		};
/* End PBXSourcesBuildPhase section */

/* Begin XCBuildConfiguration section */
		9A5AE59D23380C8F00EACC93 /* Debug */ = {
			isa = XCBuildConfiguration;
			buildSettings = {
				ALWAYS_SEARCH_USER_PATHS = NO;
				CLANG_ANALYZER_NONNULL = YES;
				CLANG_ANALYZER_NUMBER_OBJECT_CONVERSION = YES_AGGRESSIVE;
				CLANG_CXX_LANGUAGE_STANDARD = "gnu++14";
				CLANG_CXX_LIBRARY = "libc++";
				CLANG_ENABLE_MODULES = YES;
				CLANG_ENABLE_OBJC_ARC = YES;
				CLANG_ENABLE_OBJC_WEAK = YES;
				CLANG_WARN_BLOCK_CAPTURE_AUTORELEASING = YES;
				CLANG_WARN_BOOL_CONVERSION = YES;
				CLANG_WARN_COMMA = YES;
				CLANG_WARN_CONSTANT_CONVERSION = YES;
				CLANG_WARN_DEPRECATED_OBJC_IMPLEMENTATIONS = YES;
				CLANG_WARN_DIRECT_OBJC_ISA_USAGE = YES_ERROR;
				CLANG_WARN_DOCUMENTATION_COMMENTS = YES;
				CLANG_WARN_EMPTY_BODY = YES;
				CLANG_WARN_ENUM_CONVERSION = YES;
				CLANG_WARN_INFINITE_RECURSION = YES;
				CLANG_WARN_INT_CONVERSION = YES;
				CLANG_WARN_NON_LITERAL_NULL_CONVERSION = YES;
				CLANG_WARN_OBJC_IMPLICIT_RETAIN_SELF = YES;
				CLANG_WARN_OBJC_LITERAL_CONVERSION = YES;
				CLANG_WARN_OBJC_ROOT_CLASS = YES_ERROR;
				CLANG_WARN_RANGE_LOOP_ANALYSIS = YES;
				CLANG_WARN_STRICT_PROTOTYPES = YES;
				CLANG_WARN_SUSPICIOUS_MOVE = YES;
				CLANG_WARN_UNGUARDED_AVAILABILITY = YES_AGGRESSIVE;
				CLANG_WARN_UNREACHABLE_CODE = YES;
				CLANG_WARN__DUPLICATE_METHOD_MATCH = YES;
				COPY_PHASE_STRIP = NO;
				DEBUG_INFORMATION_FORMAT = dwarf;
				ENABLE_STRICT_OBJC_MSGSEND = YES;
				ENABLE_TESTABILITY = YES;
				GCC_C_LANGUAGE_STANDARD = gnu11;
				GCC_DYNAMIC_NO_PIC = NO;
				GCC_NO_COMMON_BLOCKS = YES;
				GCC_OPTIMIZATION_LEVEL = 0;
				GCC_PREPROCESSOR_DEFINITIONS = (
					"DEBUG=1",
					"$(inherited)",
				);
				GCC_WARN_64_TO_32_BIT_CONVERSION = YES;
				GCC_WARN_ABOUT_RETURN_TYPE = YES_ERROR;
				GCC_WARN_UNDECLARED_SELECTOR = YES;
				GCC_WARN_UNINITIALIZED_AUTOS = YES_AGGRESSIVE;
				GCC_WARN_UNUSED_FUNCTION = YES;
				GCC_WARN_UNUSED_VARIABLE = YES;
				MACOSX_DEPLOYMENT_TARGET = 10.14;
				MTL_ENABLE_DEBUG_INFO = INCLUDE_SOURCE;
				MTL_FAST_MATH = YES;
				ONLY_ACTIVE_ARCH = YES;
				SDKROOT = macosx;
			};
			name = Debug;
		};
		9A5AE59E23380C8F00EACC93 /* Release */ = {
			isa = XCBuildConfiguration;
			buildSettings = {
				ALWAYS_SEARCH_USER_PATHS = NO;
				CLANG_ANALYZER_NONNULL = YES;
				CLANG_ANALYZER_NUMBER_OBJECT_CONVERSION = YES_AGGRESSIVE;
				CLANG_CXX_LANGUAGE_STANDARD = "gnu++14";
				CLANG_CXX_LIBRARY = "libc++";
				CLANG_ENABLE_MODULES = YES;
				CLANG_ENABLE_OBJC_ARC = YES;
				CLANG_ENABLE_OBJC_WEAK = YES;
				CLANG_WARN_BLOCK_CAPTURE_AUTORELEASING = YES;
				CLANG_WARN_BOOL_CONVERSION = YES;
				CLANG_WARN_COMMA = YES;
				CLANG_WARN_CONSTANT_CONVERSION = YES;
				CLANG_WARN_DEPRECATED_OBJC_IMPLEMENTATIONS = YES;
				CLANG_WARN_DIRECT_OBJC_ISA_USAGE = YES_ERROR;
				CLANG_WARN_DOCUMENTATION_COMMENTS = YES;
				CLANG_WARN_EMPTY_BODY = YES;
				CLANG_WARN_ENUM_CONVERSION = YES;
				CLANG_WARN_INFINITE_RECURSION = YES;
				CLANG_WARN_INT_CONVERSION = YES;
				CLANG_WARN_NON_LITERAL_NULL_CONVERSION = YES;
				CLANG_WARN_OBJC_IMPLICIT_RETAIN_SELF = YES;
				CLANG_WARN_OBJC_LITERAL_CONVERSION = YES;
				CLANG_WARN_OBJC_ROOT_CLASS = YES_ERROR;
				CLANG_WARN_RANGE_LOOP_ANALYSIS = YES;
				CLANG_WARN_STRICT_PROTOTYPES = YES;
				CLANG_WARN_SUSPICIOUS_MOVE = YES;
				CLANG_WARN_UNGUARDED_AVAILABILITY = YES_AGGRESSIVE;
				CLANG_WARN_UNREACHABLE_CODE = YES;
				CLANG_WARN__DUPLICATE_METHOD_MATCH = YES;
				COPY_PHASE_STRIP = NO;
				DEBUG_INFORMATION_FORMAT = "dwarf-with-dsym";
				ENABLE_NS_ASSERTIONS = NO;
				ENABLE_STRICT_OBJC_MSGSEND = YES;
				GCC_C_LANGUAGE_STANDARD = gnu11;
				GCC_NO_COMMON_BLOCKS = YES;
				GCC_WARN_64_TO_32_BIT_CONVERSION = YES;
				GCC_WARN_ABOUT_RETURN_TYPE = YES_ERROR;
				GCC_WARN_UNDECLARED_SELECTOR = YES;
				GCC_WARN_UNINITIALIZED_AUTOS = YES_AGGRESSIVE;
				GCC_WARN_UNUSED_FUNCTION = YES;
				GCC_WARN_UNUSED_VARIABLE = YES;
				MACOSX_DEPLOYMENT_TARGET = 10.14;
				MTL_ENABLE_DEBUG_INFO = NO;
				MTL_FAST_MATH = YES;
				SDKROOT = macosx;
			};
			name = Release;
		};
		9A5AE5A023380C8F00EACC93 /* Debug */ = {
			isa = XCBuildConfiguration;
			buildSettings = {
				CLANG_CXX_LANGUAGE_STANDARD = "c++17";
				CODE_SIGN_STYLE = Automatic;
				MACOSX_DEPLOYMENT_TARGET = 10.14;
				PRODUCT_NAME = "$(TARGET_NAME)";
			};
			name = Debug;
		};
		9A5AE5A123380C8F00EACC93 /* Release */ = {
			isa = XCBuildConfiguration;
			buildSettings = {
				CLANG_CXX_LANGUAGE_STANDARD = "c++17";
				CODE_SIGN_STYLE = Automatic;
				MACOSX_DEPLOYMENT_TARGET = 10.14;
				PRODUCT_NAME = "$(TARGET_NAME)";
			};
			name = Release;
		};
/* End XCBuildConfiguration section */

/* Begin XCConfigurationList section */
		9A5AE59323380C8F00EACC93 /* Build configuration list for PBXProject "PDF-Plus-X" */ = {
			isa = XCConfigurationList;
			buildConfigurations = (
				9A5AE59D23380C8F00EACC93 /* Debug */,
				9A5AE59E23380C8F00EACC93 /* Release */,
			);
			defaultConfigurationIsVisible = 0;
			defaultConfigurationName = Release;
		};
		9A5AE59F23380C8F00EACC93 /* Build configuration list for PBXNativeTarget "PDF-Plus-X" */ = {
			isa = XCConfigurationList;
			buildConfigurations = (
				9A5AE5A023380C8F00EACC93 /* Debug */,
				9A5AE5A123380C8F00EACC93 /* Release */,
			);
			defaultConfigurationIsVisible = 0;
			defaultConfigurationName = Release;
		};
/* End XCConfigurationList section */
	};
	rootObject = 9A5AE59023380C8F00EACC93 /* Project object */;
}
